// !$*UTF8*$!
{
	archiveVersion = 1;
	classes = {
	};
	objectVersion = 50;
	objects = {

/* Begin PBXBuildFile section */
		CDDC9E3024C4DCE60013DC34 /* AppDelegate.swift in Sources */ = {isa = PBXBuildFile; fileRef = CDDC9E2F24C4DCE60013DC34 /* AppDelegate.swift */; };
		CDDC9E3224C4DCE60013DC34 /* ContentView.swift in Sources */ = {isa = PBXBuildFile; fileRef = CDDC9E3124C4DCE60013DC34 /* ContentView.swift */; };
		CDDC9E3424C4DCE80013DC34 /* Assets.xcassets in Resources */ = {isa = PBXBuildFile; fileRef = CDDC9E3324C4DCE80013DC34 /* Assets.xcassets */; };
		CDDC9E3724C4DCE80013DC34 /* Preview Assets.xcassets in Resources */ = {isa = PBXBuildFile; fileRef = CDDC9E3624C4DCE80013DC34 /* Preview Assets.xcassets */; };
		CDDC9E3A24C4DCE80013DC34 /* Main.storyboard in Resources */ = {isa = PBXBuildFile; fileRef = CDDC9E3824C4DCE80013DC34 /* Main.storyboard */; };
/* End PBXBuildFile section */

/* Begin PBXFileReference section */
		CDDC9E2C24C4DCE60013DC34 /* Classical Music Tag Editor.app */ = {isa = PBXFileReference; explicitFileType = wrapper.application; includeInIndex = 0; path = "Classical Music Tag Editor.app"; sourceTree = BUILT_PRODUCTS_DIR; };
		CDDC9E2F24C4DCE60013DC34 /* AppDelegate.swift */ = {isa = PBXFileReference; lastKnownFileType = sourcecode.swift; path = AppDelegate.swift; sourceTree = "<group>"; };
		CDDC9E3124C4DCE60013DC34 /* ContentView.swift */ = {isa = PBXFileReference; lastKnownFileType = sourcecode.swift; path = ContentView.swift; sourceTree = "<group>"; };
		CDDC9E3324C4DCE80013DC34 /* Assets.xcassets */ = {isa = PBXFileReference; lastKnownFileType = folder.assetcatalog; path = Assets.xcassets; sourceTree = "<group>"; };
		CDDC9E3624C4DCE80013DC34 /* Preview Assets.xcassets */ = {isa = PBXFileReference; lastKnownFileType = folder.assetcatalog; path = "Preview Assets.xcassets"; sourceTree = "<group>"; };
		CDDC9E3924C4DCE80013DC34 /* Base */ = {isa = PBXFileReference; lastKnownFileType = file.storyboard; name = Base; path = Base.lproj/Main.storyboard; sourceTree = "<group>"; };
		CDDC9E3B24C4DCE80013DC34 /* Info.plist */ = {isa = PBXFileReference; lastKnownFileType = text.plist.xml; path = Info.plist; sourceTree = "<group>"; };
		CDDC9E3C24C4DCE80013DC34 /* Classical_Music_Tag_Editor.entitlements */ = {isa = PBXFileReference; lastKnownFileType = text.plist.entitlements; path = Classical_Music_Tag_Editor.entitlements; sourceTree = "<group>"; };
/* End PBXFileReference section */

/* Begin PBXFrameworksBuildPhase section */
		CDDC9E2924C4DCE60013DC34 /* Frameworks */ = {
			isa = PBXFrameworksBuildPhase;
			buildActionMask = 2147483647;
			files = (
			);
			runOnlyForDeploymentPostprocessing = 0;
		};
/* End PBXFrameworksBuildPhase section */

/* Begin PBXGroup section */
		CDDC9E2324C4DCE60013DC34 = {
			isa = PBXGroup;
			children = (
				CDDC9E2E24C4DCE60013DC34 /* Classical Music Tag Editor */,
				CDDC9E2D24C4DCE60013DC34 /* Products */,
			);
			sourceTree = "<group>";
		};
		CDDC9E2D24C4DCE60013DC34 /* Products */ = {
			isa = PBXGroup;
			children = (
				CDDC9E2C24C4DCE60013DC34 /* Classical Music Tag Editor.app */,
			);
			name = Products;
			sourceTree = "<group>";
		};
		CDDC9E2E24C4DCE60013DC34 /* Classical Music Tag Editor */ = {
			isa = PBXGroup;
			children = (
				CDDC9E2F24C4DCE60013DC34 /* AppDelegate.swift */,
				CDDC9E3124C4DCE60013DC34 /* ContentView.swift */,
				CDDC9E3324C4DCE80013DC34 /* Assets.xcassets */,
				CDDC9E3824C4DCE80013DC34 /* Main.storyboard */,
				CDDC9E3B24C4DCE80013DC34 /* Info.plist */,
				CDDC9E3C24C4DCE80013DC34 /* Classical_Music_Tag_Editor.entitlements */,
				CDDC9E3524C4DCE80013DC34 /* Preview Content */,
			);
			path = "Classical Music Tag Editor";
			sourceTree = "<group>";
		};
		CDDC9E3524C4DCE80013DC34 /* Preview Content */ = {
			isa = PBXGroup;
			children = (
				CDDC9E3624C4DCE80013DC34 /* Preview Assets.xcassets */,
			);
			path = "Preview Content";
			sourceTree = "<group>";
		};
/* End PBXGroup section */

/* Begin PBXNativeTarget section */
		CDDC9E2B24C4DCE60013DC34 /* Classical Music Tag Editor */ = {
			isa = PBXNativeTarget;
			buildConfigurationList = CDDC9E3F24C4DCE80013DC34 /* Build configuration list for PBXNativeTarget "Classical Music Tag Editor" */;
			buildPhases = (
				CDDC9E2824C4DCE60013DC34 /* Sources */,
				CDDC9E2924C4DCE60013DC34 /* Frameworks */,
				CDDC9E2A24C4DCE60013DC34 /* Resources */,
			);
			buildRules = (
			);
			dependencies = (
			);
			name = "Classical Music Tag Editor";
			productName = "Classical Music Tag Editor";
			productReference = CDDC9E2C24C4DCE60013DC34 /* Classical Music Tag Editor.app */;
			productType = "com.apple.product-type.application";
		};
/* End PBXNativeTarget section */

/* Begin PBXProject section */
		CDDC9E2424C4DCE60013DC34 /* Project object */ = {
			isa = PBXProject;
			attributes = {
				LastSwiftUpdateCheck = 1160;
				LastUpgradeCheck = 1160;
				ORGANIZATIONNAME = "Massimiliano Federici";
				TargetAttributes = {
					CDDC9E2B24C4DCE60013DC34 = {
						CreatedOnToolsVersion = 11.6;
					};
				};
			};
			buildConfigurationList = CDDC9E2724C4DCE60013DC34 /* Build configuration list for PBXProject "Classical Music Tag Editor" */;
			compatibilityVersion = "Xcode 9.3";
			developmentRegion = en;
			hasScannedForEncodings = 0;
			knownRegions = (
				en,
				Base,
			);
			mainGroup = CDDC9E2324C4DCE60013DC34;
			productRefGroup = CDDC9E2D24C4DCE60013DC34 /* Products */;
			projectDirPath = "";
			projectRoot = "";
			targets = (
				CDDC9E2B24C4DCE60013DC34 /* Classical Music Tag Editor */,
			);
		};
/* End PBXProject section */

/* Begin PBXResourcesBuildPhase section */
		CDDC9E2A24C4DCE60013DC34 /* Resources */ = {
			isa = PBXResourcesBuildPhase;
			buildActionMask = 2147483647;
			files = (
				CDDC9E3A24C4DCE80013DC34 /* Main.storyboard in Resources */,
				CDDC9E3724C4DCE80013DC34 /* Preview Assets.xcassets in Resources */,
				CDDC9E3424C4DCE80013DC34 /* Assets.xcassets in Resources */,
			);
			runOnlyForDeploymentPostprocessing = 0;
		};
/* End PBXResourcesBuildPhase section */

/* Begin PBXSourcesBuildPhase section */
		CDDC9E2824C4DCE60013DC34 /* Sources */ = {
			isa = PBXSourcesBuildPhase;
			buildActionMask = 2147483647;
			files = (
				CDDC9E3224C4DCE60013DC34 /* ContentView.swift in Sources */,
				CDDC9E3024C4DCE60013DC34 /* AppDelegate.swift in Sources */,
			);
			runOnlyForDeploymentPostprocessing = 0;
		};
/* End PBXSourcesBuildPhase section */

/* Begin PBXVariantGroup section */
		CDDC9E3824C4DCE80013DC34 /* Main.storyboard */ = {
			isa = PBXVariantGroup;
			children = (
				CDDC9E3924C4DCE80013DC34 /* Base */,
			);
			name = Main.storyboard;
			sourceTree = "<group>";
		};
/* End PBXVariantGroup section */

/* Begin XCBuildConfiguration section */
		CDDC9E3D24C4DCE80013DC34 /* Debug */ = {
			isa = XCBuildConfiguration;
			buildSettings = {
				ALWAYS_SEARCH_USER_PATHS = NO;
				CLANG_ANALYZER_NONNULL = YES;
				CLANG_ANALYZER_NUMBER_OBJECT_CONVERSION = YES_AGGRESSIVE;
				CLANG_CXX_LANGUAGE_STANDARD = "gnu++14";
				CLANG_CXX_LIBRARY = "libc++";
				CLANG_ENABLE_MODULES = YES;
				CLANG_ENABLE_OBJC_ARC = YES;
				CLANG_ENABLE_OBJC_WEAK = YES;
				CLANG_WARN_BLOCK_CAPTURE_AUTORELEASING = YES;
				CLANG_WARN_BOOL_CONVERSION = YES;
				CLANG_WARN_COMMA = YES;
				CLANG_WARN_CONSTANT_CONVERSION = YES;
				CLANG_WARN_DEPRECATED_OBJC_IMPLEMENTATIONS = YES;
				CLANG_WARN_DIRECT_OBJC_ISA_USAGE = YES_ERROR;
				CLANG_WARN_DOCUMENTATION_COMMENTS = YES;
				CLANG_WARN_EMPTY_BODY = YES;
				CLANG_WARN_ENUM_CONVERSION = YES;
				CLANG_WARN_INFINITE_RECURSION = YES;
				CLANG_WARN_INT_CONVERSION = YES;
				CLANG_WARN_NON_LITERAL_NULL_CONVERSION = YES;
				CLANG_WARN_OBJC_IMPLICIT_RETAIN_SELF = YES;
				CLANG_WARN_OBJC_LITERAL_CONVERSION = YES;
				CLANG_WARN_OBJC_ROOT_CLASS = YES_ERROR;
				CLANG_WARN_RANGE_LOOP_ANALYSIS = YES;
				CLANG_WARN_STRICT_PROTOTYPES = YES;
				CLANG_WARN_SUSPICIOUS_MOVE = YES;
				CLANG_WARN_UNGUARDED_AVAILABILITY = YES_AGGRESSIVE;
				CLANG_WARN_UNREACHABLE_CODE = YES;
				CLANG_WARN__DUPLICATE_METHOD_MATCH = YES;
				COPY_PHASE_STRIP = NO;
				DEBUG_INFORMATION_FORMAT = dwarf;
				ENABLE_STRICT_OBJC_MSGSEND = YES;
				ENABLE_TESTABILITY = YES;
				GCC_C_LANGUAGE_STANDARD = gnu11;
				GCC_DYNAMIC_NO_PIC = NO;
				GCC_NO_COMMON_BLOCKS = YES;
				GCC_OPTIMIZATION_LEVEL = 0;
				GCC_PREPROCESSOR_DEFINITIONS = (
					"DEBUG=1",
					"$(inherited)",
				);
				GCC_WARN_64_TO_32_BIT_CONVERSION = YES;
				GCC_WARN_ABOUT_RETURN_TYPE = YES_ERROR;
				GCC_WARN_UNDECLARED_SELECTOR = YES;
				GCC_WARN_UNINITIALIZED_AUTOS = YES_AGGRESSIVE;
				GCC_WARN_UNUSED_FUNCTION = YES;
				GCC_WARN_UNUSED_VARIABLE = YES;
				MACOSX_DEPLOYMENT_TARGET = 10.15;
				MTL_ENABLE_DEBUG_INFO = INCLUDE_SOURCE;
				MTL_FAST_MATH = YES;
				ONLY_ACTIVE_ARCH = YES;
				SDKROOT = macosx;
				SWIFT_ACTIVE_COMPILATION_CONDITIONS = DEBUG;
				SWIFT_OPTIMIZATION_LEVEL = "-Onone";
			};
			name = Debug;
		};
		CDDC9E3E24C4DCE80013DC34 /* Release */ = {
			isa = XCBuildConfiguration;
			buildSettings = {
				ALWAYS_SEARCH_USER_PATHS = NO;
				CLANG_ANALYZER_NONNULL = YES;
				CLANG_ANALYZER_NUMBER_OBJECT_CONVERSION = YES_AGGRESSIVE;
				CLANG_CXX_LANGUAGE_STANDARD = "gnu++14";
				CLANG_CXX_LIBRARY = "libc++";
				CLANG_ENABLE_MODULES = YES;
				CLANG_ENABLE_OBJC_ARC = YES;
				CLANG_ENABLE_OBJC_WEAK = YES;
				CLANG_WARN_BLOCK_CAPTURE_AUTORELEASING = YES;
				CLANG_WARN_BOOL_CONVERSION = YES;
				CLANG_WARN_COMMA = YES;
				CLANG_WARN_CONSTANT_CONVERSION = YES;
				CLANG_WARN_DEPRECATED_OBJC_IMPLEMENTATIONS = YES;
				CLANG_WARN_DIRECT_OBJC_ISA_USAGE = YES_ERROR;
				CLANG_WARN_DOCUMENTATION_COMMENTS = YES;
				CLANG_WARN_EMPTY_BODY = YES;
				CLANG_WARN_ENUM_CONVERSION = YES;
				CLANG_WARN_INFINITE_RECURSION = YES;
				CLANG_WARN_INT_CONVERSION = YES;
				CLANG_WARN_NON_LITERAL_NULL_CONVERSION = YES;
				CLANG_WARN_OBJC_IMPLICIT_RETAIN_SELF = YES;
				CLANG_WARN_OBJC_LITERAL_CONVERSION = YES;
				CLANG_WARN_OBJC_ROOT_CLASS = YES_ERROR;
				CLANG_WARN_RANGE_LOOP_ANALYSIS = YES;
				CLANG_WARN_STRICT_PROTOTYPES = YES;
				CLANG_WARN_SUSPICIOUS_MOVE = YES;
				CLANG_WARN_UNGUARDED_AVAILABILITY = YES_AGGRESSIVE;
				CLANG_WARN_UNREACHABLE_CODE = YES;
				CLANG_WARN__DUPLICATE_METHOD_MATCH = YES;
				COPY_PHASE_STRIP = NO;
				DEBUG_INFORMATION_FORMAT = "dwarf-with-dsym";
				ENABLE_NS_ASSERTIONS = NO;
				ENABLE_STRICT_OBJC_MSGSEND = YES;
				GCC_C_LANGUAGE_STANDARD = gnu11;
				GCC_NO_COMMON_BLOCKS = YES;
				GCC_WARN_64_TO_32_BIT_CONVERSION = YES;
				GCC_WARN_ABOUT_RETURN_TYPE = YES_ERROR;
				GCC_WARN_UNDECLARED_SELECTOR = YES;
				GCC_WARN_UNINITIALIZED_AUTOS = YES_AGGRESSIVE;
				GCC_WARN_UNUSED_FUNCTION = YES;
				GCC_WARN_UNUSED_VARIABLE = YES;
				MACOSX_DEPLOYMENT_TARGET = 10.15;
				MTL_ENABLE_DEBUG_INFO = NO;
				MTL_FAST_MATH = YES;
				SDKROOT = macosx;
				SWIFT_COMPILATION_MODE = wholemodule;
				SWIFT_OPTIMIZATION_LEVEL = "-O";
			};
			name = Release;
		};
		CDDC9E4024C4DCE80013DC34 /* Debug */ = {
			isa = XCBuildConfiguration;
			buildSettings = {
				ASSETCATALOG_COMPILER_APPICON_NAME = AppIcon;
				CODE_SIGN_ENTITLEMENTS = "Classical Music Tag Editor/Classical_Music_Tag_Editor.entitlements";
				CODE_SIGN_STYLE = Automatic;
				COMBINE_HIDPI_IMAGES = YES;
				DEVELOPMENT_ASSET_PATHS = "\"Classical Music Tag Editor/Preview Content\"";
				ENABLE_PREVIEWS = YES;
				INFOPLIST_FILE = "Classical Music Tag Editor/Info.plist";
				LD_RUNPATH_SEARCH_PATHS = (
					"$(inherited)",
					"@executable_path/../Frameworks",
				);
				MACOSX_DEPLOYMENT_TARGET = 10.15;
				PRODUCT_BUNDLE_IDENTIFIER = "org.github.massimilianofederici.Classical-Music-Tag-Editor";
				PRODUCT_NAME = "$(TARGET_NAME)";
				SWIFT_VERSION = 5.0;
			};
			name = Debug;
		};
		CDDC9E4124C4DCE80013DC34 /* Release */ = {
			isa = XCBuildConfiguration;
			buildSettings = {
				ASSETCATALOG_COMPILER_APPICON_NAME = AppIcon;
				CODE_SIGN_ENTITLEMENTS = "Classical Music Tag Editor/Classical_Music_Tag_Editor.entitlements";
				CODE_SIGN_STYLE = Automatic;
				COMBINE_HIDPI_IMAGES = YES;
				DEVELOPMENT_ASSET_PATHS = "\"Classical Music Tag Editor/Preview Content\"";
				ENABLE_PREVIEWS = YES;
				INFOPLIST_FILE = "Classical Music Tag Editor/Info.plist";
				LD_RUNPATH_SEARCH_PATHS = (
					"$(inherited)",
					"@executable_path/../Frameworks",
				);
				MACOSX_DEPLOYMENT_TARGET = 10.15;
				PRODUCT_BUNDLE_IDENTIFIER = "org.github.massimilianofederici.Classical-Music-Tag-Editor";
				PRODUCT_NAME = "$(TARGET_NAME)";
				SWIFT_VERSION = 5.0;
			};
			name = Release;
		};
/* End XCBuildConfiguration section */

/* Begin XCConfigurationList section */
		CDDC9E2724C4DCE60013DC34 /* Build configuration list for PBXProject "Classical Music Tag Editor" */ = {
			isa = XCConfigurationList;
			buildConfigurations = (
				CDDC9E3D24C4DCE80013DC34 /* Debug */,
				CDDC9E3E24C4DCE80013DC34 /* Release */,
			);
			defaultConfigurationIsVisible = 0;
			defaultConfigurationName = Release;
		};
		CDDC9E3F24C4DCE80013DC34 /* Build configuration list for PBXNativeTarget "Classical Music Tag Editor" */ = {
			isa = XCConfigurationList;
			buildConfigurations = (
				CDDC9E4024C4DCE80013DC34 /* Debug */,
				CDDC9E4124C4DCE80013DC34 /* Release */,
			);
			defaultConfigurationIsVisible = 0;
			defaultConfigurationName = Release;
		};
/* End XCConfigurationList section */
	};
	rootObject = CDDC9E2424C4DCE60013DC34 /* Project object */;
}
